{
  "name": "codekit-project",
  "version": "1.0.0",
  "lockfileVersion": 3,
  "requires": true,
  "packages": {
    "": {
      "name": "codekit-project",
      "version": "1.0.0",
      "license": "UNLICENSED",
      "dependencies": {
        "@fortawesome/fontawesome-free": "^6.4.0",
        "@popperjs/core": "^2.11.8",
        "bootstrap": "^5.3.0"
      }
    },
    "node_modules/@fortawesome/fontawesome-free": {
      "version": "6.4.2",
      "resolved": "https://registry.npmjs.org/@fortawesome/fontawesome-free/-/fontawesome-free-6.4.2.tgz",
      "integrity": "sha512-m5cPn3e2+FDCOgi1mz0RexTUvvQibBebOUlUlW0+YrMjDTPkiJ6VTKukA1GRsvRw+12KyJndNjj0O4AgTxm2Pg==",
      "hasInstallScript": true,
      "engines": {
        "node": ">=6"
      }
    },
    "node_modules/@popperjs/core": {
      "version": "2.11.8",
      "resolved": "https://registry.npmjs.org/@popperjs/core/-/core-2.11.8.tgz",
      "integrity": "sha512-P1st0aksCrn9sGZhp8GMYwBnQsbvAWsZAX44oXNNvLHGqAOcoVxmjZiohstwQ7SqKnbR47akdNi+uleWD8+g6A==",
      "funding": {
        "type": "opencollective",
        "url": "https://opencollective.com/popperjs"
      }
    },
    "node_modules/bootstrap": {
      "version": "5.3.2",
      "resolved": "https://registry.npmjs.org/bootstrap/-/bootstrap-5.3.2.tgz",
      "integrity": "sha512-D32nmNWiQHo94BKHLmOrdjlL05q1c8oxbtBphQFb9Z5to6eGRDCm0QgeaZ4zFBHzfg2++rqa2JkqCcxDy0sH0g==",
      "funding": [
        {
          "type": "github",
          "url": "https://github.com/sponsors/twbs"
        },
        {
          "type": "opencollective",
          "url": "https://opencollective.com/bootstrap"
        }
      ],
      "peerDependencies": {
        "@popperjs/core": "^2.11.8"
      }
    }
  }
}
