{
  "name": "foundation-sites-template",
  "version": "1.0.0",
  "lockfileVersion": 1,
  "requires": true,
  "dependencies": {
    "foundation-sites": {
      "version": "6.6.3",
      "resolved": "https://registry.npmjs.org/foundation-sites/-/foundation-sites-6.6.3.tgz",
      "integrity": "sha512-8X93wUAmUg1HhVv8uWMWnwoBLSQWSmFImJencneIZDctswn724Bq/MV1cbPZN/GFWGOB/9ngoQHztfzd4+ovCg=="
    },
    "jekyll": {
      "version": "3.0.0-beta1",
      "resolved": "https://registry.npmjs.org/jekyll/-/jekyll-3.0.0-beta1.tgz",
      "integrity": "sha1-MnSfAwBM/yF78pmI9uRCBgZHn/k="
    },
    "jquery": {
      "version": "3.5.1",
      "resolved": "https://registry.npmjs.org/jquery/-/jquery-3.5.1.tgz",
      "integrity": "sha512-XwIBPqcMn57FxfT+Go5pzySnm4KWkT1Tv7gjrpT1srtf8Weynl6R273VJ5GjkRb51IzMp5nbaPjJXMWeju2MKg=="
    },
    "lodash": {
      "version": "4.17.20",
      "resolved": "https://registry.npmjs.org/lodash/-/lodash-4.17.20.tgz",
      "integrity": "sha512-PlhdFcillOINfeV7Ni6oF1TAEayyZBoZ8bcshTHqOYJYlrqzRK5hagpagky5o4HfCzzd1TRkXPMFq6cKk9rGmA=="
    },
    "motion-ui": {
      "version": "2.0.3",
      "resolved": "https://registry.npmjs.org/motion-ui/-/motion-ui-2.0.3.tgz",
      "integrity": "sha512-f9xzh/hbZTUYjk4M7y1aDcsiPTfqUbuvCv/+If05TSIBEJMu3hGBU+YSe9csQPP7WBBHXxjossEygM/TJo2enw=="
    },
    "ruby": {
      "version": "0.6.1",
      "resolved": "https://registry.npmjs.org/ruby/-/ruby-0.6.1.tgz",
      "integrity": "sha1-s/7leH5PnA1YFNYWaltdvPskujU=",
      "requires": {
        "lodash": "^4.13.0"
      }
    },
    "what-input": {
      "version": "5.2.10",
      "resolved": "https://registry.npmjs.org/what-input/-/what-input-5.2.10.tgz",
      "integrity": "sha512-7AQoIMGq7uU8esmKniOtZG3A+pzlwgeyFpkS3f/yzRbxknSL68tvn5gjE6bZ4OMFxCPjpaBd2udUTqlZ0HwrXQ=="
    }
  }
}
